
Microsoft Visual Studio Solution File, Format Version 12.00
# Visual Studio Version 16
VisualStudioVersion = 16.0.30804.86
MinimumVisualStudioVersion = 10.0.40219.1
Project("{FAE04EC0-301F-11D3-BF4B-00C04F79EFBC}") = "netcore-authentication", "netcore-authentication.csproj", "{51C108D7-C9E1-4F6B-BCA4-8A545454B44D}"
EndProject
Global
	GlobalSection(SolutionConfigurationPlatforms) = preSolution
		Debug|Any CPU = Debug|Any CPU
		Release|Any CPU = Release|Any CPU
	EndGlobalSection
	GlobalSection(ProjectConfigurationPlatforms) = postSolution
		{51C108D7-C9E1-4F6B-BCA4-8A545454B44D}.Debug|Any CPU.ActiveCfg = Debug|Any CPU
		{51C108D7-C9E1-4F6B-BCA4-8A545454B44D}.Debug|Any CPU.Build.0 = Debug|Any CPU
		{51C108D7-C9E1-4F6B-BCA4-8A545454B44D}.Release|Any CPU.ActiveCfg = Release|Any CPU
		{51C108D7-C9E1-4F6B-BCA4-8A545454B44D}.Release|Any CPU.Build.0 = Release|Any CPU
	EndGlobalSection
	GlobalSection(SolutionProperties) = preSolution
		HideSolutionNode = FALSE
	EndGlobalSection
	GlobalSection(ExtensibilityGlobals) = postSolution
		SolutionGuid = {D0EDF85B-2791-4554-A1F3-1A694398ABE3}
	EndGlobalSection
EndGlobal
